
Microsoft Visual Studio Solution File, Format Version 12.00
# Visual Studio Version 16
VisualStudioVersion = 16.0.30204.135
MinimumVisualStudioVersion = 10.0.40219.1
Project("{2150E333-8FDC-42A3-9474-1A3956D46DE8}") = "Domain", "Domain", "{E1808E2F-44B1-487E-81F9-B06B314878F2}"
EndProject
Project("{2150E333-8FDC-42A3-9474-1A3956D46DE8}") = "Infra.Bus", "Infra.Bus", "{07D4E5D7-88DD-490C-A6F1-3A8019E386D7}"
EndProject
Project("{2150E333-8FDC-42A3-9474-1A3956D46DE8}") = "Infra.Data", "Infra.Data", "{19A68361-907A-4AA9-963C-7143FD929A03}"
EndProject
Project("{2150E333-8FDC-42A3-9474-1A3956D46DE8}") = "Infra.IoC", "Infra.IoC", "{EF349DE4-4271-4000-8987-F190F82DF2DB}"
EndProject
Project("{2150E333-8FDC-42A3-9474-1A3956D46DE8}") = "Application", "Application", "{36585A85-DA48-4E2B-9567-E327775E6828}"
EndProject
Project("{2150E333-8FDC-42A3-9474-1A3956D46DE8}") = "Api", "Api", "{2D496C52-E21E-4AAE-A2C3-660E7BB8E7D3}"
EndProject
Project("{FAE04EC0-301F-11D3-BF4B-00C04F79EFBC}") = "GameScope.Domain", "GameScope.Domain\GameScope.Domain.csproj", "{3FDF52CB-582C-41B4-BAF8-9BD72840D038}"
EndProject
Project("{FAE04EC0-301F-11D3-BF4B-00C04F79EFBC}") = "GameScope.Domain.Core", "GameScope.Domain.Core\GameScope.Domain.Core.csproj", "{BB266A38-F45A-4A92-9CBF-C284FD759316}"
EndProject
Global
	GlobalSection(SolutionConfigurationPlatforms) = preSolution
		Debug|Any CPU = Debug|Any CPU
		Release|Any CPU = Release|Any CPU
	EndGlobalSection
	GlobalSection(ProjectConfigurationPlatforms) = postSolution
		{3FDF52CB-582C-41B4-BAF8-9BD72840D038}.Debug|Any CPU.ActiveCfg = Debug|Any CPU
		{3FDF52CB-582C-41B4-BAF8-9BD72840D038}.Debug|Any CPU.Build.0 = Debug|Any CPU
		{3FDF52CB-582C-41B4-BAF8-9BD72840D038}.Release|Any CPU.ActiveCfg = Release|Any CPU
		{3FDF52CB-582C-41B4-BAF8-9BD72840D038}.Release|Any CPU.Build.0 = Release|Any CPU
		{BB266A38-F45A-4A92-9CBF-C284FD759316}.Debug|Any CPU.ActiveCfg = Debug|Any CPU
		{BB266A38-F45A-4A92-9CBF-C284FD759316}.Debug|Any CPU.Build.0 = Debug|Any CPU
		{BB266A38-F45A-4A92-9CBF-C284FD759316}.Release|Any CPU.ActiveCfg = Release|Any CPU
		{BB266A38-F45A-4A92-9CBF-C284FD759316}.Release|Any CPU.Build.0 = Release|Any CPU
	EndGlobalSection
	GlobalSection(SolutionProperties) = preSolution
		HideSolutionNode = FALSE
	EndGlobalSection
	GlobalSection(NestedProjects) = preSolution
		{3FDF52CB-582C-41B4-BAF8-9BD72840D038} = {E1808E2F-44B1-487E-81F9-B06B314878F2}
		{BB266A38-F45A-4A92-9CBF-C284FD759316} = {E1808E2F-44B1-487E-81F9-B06B314878F2}
	EndGlobalSection
	GlobalSection(ExtensibilityGlobals) = postSolution
		SolutionGuid = {04793DD5-87C0-4172-8DAA-F2A8D1CB23CB}
	EndGlobalSection
EndGlobal
